
Microsoft Visual Studio Solution File, Format Version 12.00
# Visual Studio Version 17
VisualStudioVersion = 17.11.35327.3
MinimumVisualStudioVersion = 10.0.40219.1
Project("{2150E333-8FDC-42A3-9474-1A3956D46DE8}") = "Cpu", "Cpu", "{6A52BF37-7233-4519-9F50-B50AC7AC5518}"
EndProject
Project("{2150E333-8FDC-42A3-9474-1A3956D46DE8}") = "Device", "Device", "{35288494-BFCF-421A-922D-0126B709A52F}"
EndProject
Project("{2150E333-8FDC-42A3-9474-1A3956D46DE8}") = "X64", "X64", "{8BD5AFC2-75C8-431D-917D-6961BA59EAEF}"
EndProject
Project("{2150E333-8FDC-42A3-9474-1A3956D46DE8}") = "Component", "Component", "{E15AD6A9-8C0C-4CBE-86A3-32792A11F9ED}"
EndProject
Project("{9A19103F-16F7-4668-BE54-9A1E7A4F7556}") = "Machine.X64.Component.Registers", "Cpu\X64\Component\Machine.X64.Component.Registers\Machine.X64.Component.Registers.csproj", "{D693B086-2F01-4BAC-B94C-0751FBB91E56}"
EndProject
Project("{2150E333-8FDC-42A3-9474-1A3956D46DE8}") = "eng", "eng", "{3F70B1D2-78C6-4CAF-8E71-FB8BCA81DBB7}"
EndProject
Project("{2150E333-8FDC-42A3-9474-1A3956D46DE8}") = "BuildTools", "BuildTools", "{3E550E53-DDDE-4E0E-B068-32E16823D2F8}"
EndProject
Project("{2150E333-8FDC-42A3-9474-1A3956D46DE8}") = "X64", "X64", "{40DC6C3F-D835-4F2B-85BC-9B565E624AE8}"
EndProject
Project("{9A19103F-16F7-4668-BE54-9A1E7A4F7556}") = "RegistersXmlToCSharp", "eng\BuildTools\X64\RegistersXmlToCSharp\RegistersXmlToCSharp.csproj", "{1F1D9568-6599-4D61-AD8B-A0A35CA454EC}"
EndProject
Project("{9A19103F-16F7-4668-BE54-9A1E7A4F7556}") = "Machine.X64.Component.Registers.Iced", "Cpu\X64\Component\Machine.X64.Component.Registers.Iced\Machine.X64.Component.Registers.Iced.csproj", "{D3551507-8130-43D6-BFD6-2E1BFF3B87EA}"
EndProject
Project("{9A19103F-16F7-4668-BE54-9A1E7A4F7556}") = "Machine.X64.Component.Memory", "Cpu\X64\Component\Machine.X64.Component.Memory\Machine.X64.Component.Memory.csproj", "{A21C73A2-E722-457A-8A9E-7F6874A19242}"
EndProject
Project("{9A19103F-16F7-4668-BE54-9A1E7A4F7556}") = "Machine.X64.Component.FloatingPoint", "Cpu\X64\Component\Machine.X64.Component.FloatingPoint\Machine.X64.Component.FloatingPoint.csproj", "{DFD95142-B0A6-4DA0-814E-989FF761A28B}"
EndProject
Project("{9A19103F-16F7-4668-BE54-9A1E7A4F7556}") = "Machine.X64.Runtime", "Cpu\X64\Machine.X64.Runtime\Machine.X64.Runtime.csproj", "{75312FA5-1597-498A-BAAB-10CE5D5CED0C}"
EndProject
Project("{2150E333-8FDC-42A3-9474-1A3956D46DE8}") = "Shared", "Shared", "{DFD2C474-25DD-4394-A533-79EFF769A78B}"
EndProject
Project("{9A19103F-16F7-4668-BE54-9A1E7A4F7556}") = "Machine.Utility", "Shared\Machine.Utility\Machine.Utility.csproj", "{F75B15FC-3FFE-460C-95DF-01D026E81033}"
EndProject
Project("{2150E333-8FDC-42A3-9474-1A3956D46DE8}") = "Solution Items", "Solution Items", "{0A530605-7EE0-4784-A704-ABB05037B992}"
	ProjectSection(SolutionItems) = preProject
		.editorconfig = .editorconfig
		README.md = README.md
		x64.slnf = x64.slnf
	EndProjectSection
EndProject
Project("{2150E333-8FDC-42A3-9474-1A3956D46DE8}") = "Common", "Common", "{6D144C6D-BA6D-4259-BAB0-EA68095B0928}"
EndProject
Project("{9A19103F-16F7-4668-BE54-9A1E7A4F7556}") = "CollectionsGenerator", "eng\BuildTools\Common\CollectionsGenerator\CollectionsGenerator.csproj", "{AAB68C21-6C31-4E21-8EDE-559263EF8F4C}"
EndProject
Project("{9A19103F-16F7-4668-BE54-9A1E7A4F7556}") = "FMA3Generator", "eng\BuildTools\X64\FMA3Generator\FMA3Generator.csproj", "{60D7602E-CC49-4D22-A14F-9E3219DBC65A}"
EndProject
Project("{2150E333-8FDC-42A3-9474-1A3956D46DE8}") = "Firmware", "Firmware", "{D97826C1-4252-44FE-902F-ED9924309529}"
EndProject
Project("{2150E333-8FDC-42A3-9474-1A3956D46DE8}") = "src", "src", "{F88F99DA-D63F-49D5-BAF0-865D069C1AE5}"
EndProject
Project("{9A19103F-16F7-4668-BE54-9A1E7A4F7556}") = "Machine.Firmware.Uefi", "Device\Firmware\src\Machine.Firmware.Uefi\Machine.Firmware.Uefi.csproj", "{39FBEA74-EEEE-421D-995B-505D888E474B}"
EndProject
Project("{9A19103F-16F7-4668-BE54-9A1E7A4F7556}") = "RunCoreGenerator", "eng\BuildTools\X64\RunCoreGenerator\RunCoreGenerator.csproj", "{6FDEFD65-9016-4514-9A75-57D0C39B55DD}"
EndProject
Project("{2150E333-8FDC-42A3-9474-1A3956D46DE8}") = "Examples", "Examples", "{0B95E63C-2BD2-4AA7-B850-B063E9963BE8}"
EndProject
Project("{9A19103F-16F7-4668-BE54-9A1E7A4F7556}") = "X64Examples", "Examples\X64Examples\X64Examples.csproj", "{43B80014-EF9B-4050-AC71-B2B5B92452A0}"
EndProject
Project("{9A19103F-16F7-4668-BE54-9A1E7A4F7556}") = "Machine.Device.Chipsets", "Device\Machine.Device.Chipsets\Machine.Device.Chipsets.csproj", "{2DA11EE3-11D4-4EEB-AACA-16AC8B8A9AA8}"
EndProject
Project("{D954291E-2A0B-460D-934E-DC6B0785DB48}") = "Images", "Images\Images.shproj", "{CF7E95DA-D369-4F39-AC5C-CB7781EF1990}"
EndProject
Project("{9A19103F-16F7-4668-BE54-9A1E7A4F7556}") = "CommandLineDecompiler", "CommandLineDecompiler\CommandLineDecompiler.csproj", "{94111252-C15C-40F8-9608-774E4A79AC1C}"
EndProject
Project("{2150E333-8FDC-42A3-9474-1A3956D46DE8}") = "UnitTests", "UnitTests", "{D23030FC-BDA6-423B-976B-B97CD1CA6C2B}"
EndProject
Project("{9A19103F-16F7-4668-BE54-9A1E7A4F7556}") = "X64Tests", "UnitTests\X64Tests\X64Tests.csproj", "{CE9A96F9-9B95-46EF-9C65-810AC92555E4}"
EndProject
Global
	GlobalSection(SolutionConfigurationPlatforms) = preSolution
		Debug|Any CPU = Debug|Any CPU
		Release|Any CPU = Release|Any CPU
	EndGlobalSection
	GlobalSection(ProjectConfigurationPlatforms) = postSolution
		{D693B086-2F01-4BAC-B94C-0751FBB91E56}.Debug|Any CPU.ActiveCfg = Debug|Any CPU
		{D693B086-2F01-4BAC-B94C-0751FBB91E56}.Debug|Any CPU.Build.0 = Debug|Any CPU
		{D693B086-2F01-4BAC-B94C-0751FBB91E56}.Release|Any CPU.ActiveCfg = Release|Any CPU
		{D693B086-2F01-4BAC-B94C-0751FBB91E56}.Release|Any CPU.Build.0 = Release|Any CPU
		{1F1D9568-6599-4D61-AD8B-A0A35CA454EC}.Debug|Any CPU.ActiveCfg = Debug|Any CPU
		{1F1D9568-6599-4D61-AD8B-A0A35CA454EC}.Debug|Any CPU.Build.0 = Debug|Any CPU
		{1F1D9568-6599-4D61-AD8B-A0A35CA454EC}.Release|Any CPU.ActiveCfg = Release|Any CPU
		{1F1D9568-6599-4D61-AD8B-A0A35CA454EC}.Release|Any CPU.Build.0 = Release|Any CPU
		{D3551507-8130-43D6-BFD6-2E1BFF3B87EA}.Debug|Any CPU.ActiveCfg = Debug|Any CPU
		{D3551507-8130-43D6-BFD6-2E1BFF3B87EA}.Debug|Any CPU.Build.0 = Debug|Any CPU
		{D3551507-8130-43D6-BFD6-2E1BFF3B87EA}.Release|Any CPU.ActiveCfg = Release|Any CPU
		{D3551507-8130-43D6-BFD6-2E1BFF3B87EA}.Release|Any CPU.Build.0 = Release|Any CPU
		{A21C73A2-E722-457A-8A9E-7F6874A19242}.Debug|Any CPU.ActiveCfg = Debug|Any CPU
		{A21C73A2-E722-457A-8A9E-7F6874A19242}.Debug|Any CPU.Build.0 = Debug|Any CPU
		{A21C73A2-E722-457A-8A9E-7F6874A19242}.Release|Any CPU.ActiveCfg = Release|Any CPU
		{A21C73A2-E722-457A-8A9E-7F6874A19242}.Release|Any CPU.Build.0 = Release|Any CPU
		{DFD95142-B0A6-4DA0-814E-989FF761A28B}.Debug|Any CPU.ActiveCfg = Debug|Any CPU
		{DFD95142-B0A6-4DA0-814E-989FF761A28B}.Debug|Any CPU.Build.0 = Debug|Any CPU
		{DFD95142-B0A6-4DA0-814E-989FF761A28B}.Release|Any CPU.ActiveCfg = Release|Any CPU
		{DFD95142-B0A6-4DA0-814E-989FF761A28B}.Release|Any CPU.Build.0 = Release|Any CPU
		{75312FA5-1597-498A-BAAB-10CE5D5CED0C}.Debug|Any CPU.ActiveCfg = Debug|Any CPU
		{75312FA5-1597-498A-BAAB-10CE5D5CED0C}.Debug|Any CPU.Build.0 = Debug|Any CPU
		{75312FA5-1597-498A-BAAB-10CE5D5CED0C}.Release|Any CPU.ActiveCfg = Release|Any CPU
		{75312FA5-1597-498A-BAAB-10CE5D5CED0C}.Release|Any CPU.Build.0 = Release|Any CPU
		{F75B15FC-3FFE-460C-95DF-01D026E81033}.Debug|Any CPU.ActiveCfg = Debug|Any CPU
		{F75B15FC-3FFE-460C-95DF-01D026E81033}.Debug|Any CPU.Build.0 = Debug|Any CPU
		{F75B15FC-3FFE-460C-95DF-01D026E81033}.Release|Any CPU.ActiveCfg = Release|Any CPU
		{F75B15FC-3FFE-460C-95DF-01D026E81033}.Release|Any CPU.Build.0 = Release|Any CPU
		{AAB68C21-6C31-4E21-8EDE-559263EF8F4C}.Debug|Any CPU.ActiveCfg = Debug|Any CPU
		{AAB68C21-6C31-4E21-8EDE-559263EF8F4C}.Debug|Any CPU.Build.0 = Debug|Any CPU
		{AAB68C21-6C31-4E21-8EDE-559263EF8F4C}.Release|Any CPU.ActiveCfg = Release|Any CPU
		{AAB68C21-6C31-4E21-8EDE-559263EF8F4C}.Release|Any CPU.Build.0 = Release|Any CPU
		{60D7602E-CC49-4D22-A14F-9E3219DBC65A}.Debug|Any CPU.ActiveCfg = Debug|Any CPU
		{60D7602E-CC49-4D22-A14F-9E3219DBC65A}.Debug|Any CPU.Build.0 = Debug|Any CPU
		{60D7602E-CC49-4D22-A14F-9E3219DBC65A}.Release|Any CPU.ActiveCfg = Release|Any CPU
		{60D7602E-CC49-4D22-A14F-9E3219DBC65A}.Release|Any CPU.Build.0 = Release|Any CPU
		{39FBEA74-EEEE-421D-995B-505D888E474B}.Debug|Any CPU.ActiveCfg = Debug|Any CPU
		{39FBEA74-EEEE-421D-995B-505D888E474B}.Debug|Any CPU.Build.0 = Debug|Any CPU
		{39FBEA74-EEEE-421D-995B-505D888E474B}.Release|Any CPU.ActiveCfg = Release|Any CPU
		{39FBEA74-EEEE-421D-995B-505D888E474B}.Release|Any CPU.Build.0 = Release|Any CPU
		{6FDEFD65-9016-4514-9A75-57D0C39B55DD}.Debug|Any CPU.ActiveCfg = Debug|Any CPU
		{6FDEFD65-9016-4514-9A75-57D0C39B55DD}.Debug|Any CPU.Build.0 = Debug|Any CPU
		{6FDEFD65-9016-4514-9A75-57D0C39B55DD}.Release|Any CPU.ActiveCfg = Release|Any CPU
		{6FDEFD65-9016-4514-9A75-57D0C39B55DD}.Release|Any CPU.Build.0 = Release|Any CPU
		{43B80014-EF9B-4050-AC71-B2B5B92452A0}.Debug|Any CPU.ActiveCfg = Debug|Any CPU
		{43B80014-EF9B-4050-AC71-B2B5B92452A0}.Debug|Any CPU.Build.0 = Debug|Any CPU
		{43B80014-EF9B-4050-AC71-B2B5B92452A0}.Release|Any CPU.ActiveCfg = Release|Any CPU
		{43B80014-EF9B-4050-AC71-B2B5B92452A0}.Release|Any CPU.Build.0 = Release|Any CPU
		{2DA11EE3-11D4-4EEB-AACA-16AC8B8A9AA8}.Debug|Any CPU.ActiveCfg = Debug|Any CPU
		{2DA11EE3-11D4-4EEB-AACA-16AC8B8A9AA8}.Debug|Any CPU.Build.0 = Debug|Any CPU
		{2DA11EE3-11D4-4EEB-AACA-16AC8B8A9AA8}.Release|Any CPU.ActiveCfg = Release|Any CPU
		{2DA11EE3-11D4-4EEB-AACA-16AC8B8A9AA8}.Release|Any CPU.Build.0 = Release|Any CPU
		{94111252-C15C-40F8-9608-774E4A79AC1C}.Debug|Any CPU.ActiveCfg = Debug|Any CPU
		{94111252-C15C-40F8-9608-774E4A79AC1C}.Debug|Any CPU.Build.0 = Debug|Any CPU
		{94111252-C15C-40F8-9608-774E4A79AC1C}.Release|Any CPU.ActiveCfg = Release|Any CPU
		{94111252-C15C-40F8-9608-774E4A79AC1C}.Release|Any CPU.Build.0 = Release|Any CPU
		{CE9A96F9-9B95-46EF-9C65-810AC92555E4}.Debug|Any CPU.ActiveCfg = Debug|Any CPU
		{CE9A96F9-9B95-46EF-9C65-810AC92555E4}.Debug|Any CPU.Build.0 = Debug|Any CPU
		{CE9A96F9-9B95-46EF-9C65-810AC92555E4}.Release|Any CPU.ActiveCfg = Release|Any CPU
		{CE9A96F9-9B95-46EF-9C65-810AC92555E4}.Release|Any CPU.Build.0 = Release|Any CPU
	EndGlobalSection
	GlobalSection(SolutionProperties) = preSolution
		HideSolutionNode = FALSE
	EndGlobalSection
	GlobalSection(NestedProjects) = preSolution
		{8BD5AFC2-75C8-431D-917D-6961BA59EAEF} = {6A52BF37-7233-4519-9F50-B50AC7AC5518}
		{E15AD6A9-8C0C-4CBE-86A3-32792A11F9ED} = {8BD5AFC2-75C8-431D-917D-6961BA59EAEF}
		{D693B086-2F01-4BAC-B94C-0751FBB91E56} = {E15AD6A9-8C0C-4CBE-86A3-32792A11F9ED}
		{3E550E53-DDDE-4E0E-B068-32E16823D2F8} = {3F70B1D2-78C6-4CAF-8E71-FB8BCA81DBB7}
		{40DC6C3F-D835-4F2B-85BC-9B565E624AE8} = {3E550E53-DDDE-4E0E-B068-32E16823D2F8}
		{1F1D9568-6599-4D61-AD8B-A0A35CA454EC} = {40DC6C3F-D835-4F2B-85BC-9B565E624AE8}
		{D3551507-8130-43D6-BFD6-2E1BFF3B87EA} = {E15AD6A9-8C0C-4CBE-86A3-32792A11F9ED}
		{A21C73A2-E722-457A-8A9E-7F6874A19242} = {E15AD6A9-8C0C-4CBE-86A3-32792A11F9ED}
		{DFD95142-B0A6-4DA0-814E-989FF761A28B} = {E15AD6A9-8C0C-4CBE-86A3-32792A11F9ED}
		{75312FA5-1597-498A-BAAB-10CE5D5CED0C} = {8BD5AFC2-75C8-431D-917D-6961BA59EAEF}
		{F75B15FC-3FFE-460C-95DF-01D026E81033} = {DFD2C474-25DD-4394-A533-79EFF769A78B}
		{6D144C6D-BA6D-4259-BAB0-EA68095B0928} = {3E550E53-DDDE-4E0E-B068-32E16823D2F8}
		{AAB68C21-6C31-4E21-8EDE-559263EF8F4C} = {6D144C6D-BA6D-4259-BAB0-EA68095B0928}
		{60D7602E-CC49-4D22-A14F-9E3219DBC65A} = {40DC6C3F-D835-4F2B-85BC-9B565E624AE8}
		{D97826C1-4252-44FE-902F-ED9924309529} = {35288494-BFCF-421A-922D-0126B709A52F}
		{F88F99DA-D63F-49D5-BAF0-865D069C1AE5} = {D97826C1-4252-44FE-902F-ED9924309529}
		{39FBEA74-EEEE-421D-995B-505D888E474B} = {F88F99DA-D63F-49D5-BAF0-865D069C1AE5}
		{6FDEFD65-9016-4514-9A75-57D0C39B55DD} = {40DC6C3F-D835-4F2B-85BC-9B565E624AE8}
		{43B80014-EF9B-4050-AC71-B2B5B92452A0} = {0B95E63C-2BD2-4AA7-B850-B063E9963BE8}
		{2DA11EE3-11D4-4EEB-AACA-16AC8B8A9AA8} = {35288494-BFCF-421A-922D-0126B709A52F}
		{CE9A96F9-9B95-46EF-9C65-810AC92555E4} = {D23030FC-BDA6-423B-976B-B97CD1CA6C2B}
	EndGlobalSection
	GlobalSection(ExtensibilityGlobals) = postSolution
		SolutionGuid = {05F3C161-AA03-43F5-997C-491754D6F437}
	EndGlobalSection
	GlobalSection(SharedMSBuildProjectFiles) = preSolution
		Images\Images.projitems*{cf7e95da-d369-4f39-ac5c-cb7781ef1990}*SharedItemsImports = 13
	EndGlobalSection
EndGlobal
